
Microsoft Visual Studio Solution File, Format Version 12.00
# Visual Studio 15
VisualStudioVersion = 15.0.26430.16
MinimumVisualStudioVersion = 10.0.40219.1
Project("{FAE04EC0-301F-11D3-BF4B-00C04F79EFBC}") = "ErowSqlTransfer", "ErowSqlTransfer\ErowSqlTransfer.csproj", "{9DB42476-B22C-49F4-98E9-F705C9593857}"
EndProject
Project("{FAE04EC0-301F-11D3-BF4B-00C04F79EFBC}") = "ErowSqlTransfer.Business", "ErowSqlTransfer.Business\ErowSqlTransfer.Business.csproj", "{3D11E490-805E-4271-8438-94ABDFE4A2B5}"
EndProject
Project("{FAE04EC0-301F-11D3-BF4B-00C04F79EFBC}") = "ErowSqlTransfer.DataAccess", "ErowSqlTransfer.DataAccess\ErowSqlTransfer.DataAccess.csproj", "{71EF8332-C88C-4055-AFF4-6B27898943B4}"
EndProject
Global
	GlobalSection(SolutionConfigurationPlatforms) = preSolution
		Debug|Any CPU = Debug|Any CPU
		Release|Any CPU = Release|Any CPU
	EndGlobalSection
	GlobalSection(ProjectConfigurationPlatforms) = postSolution
		{9DB42476-B22C-49F4-98E9-F705C9593857}.Debug|Any CPU.ActiveCfg = Debug|Any CPU
		{9DB42476-B22C-49F4-98E9-F705C9593857}.Debug|Any CPU.Build.0 = Debug|Any CPU
		{9DB42476-B22C-49F4-98E9-F705C9593857}.Release|Any CPU.ActiveCfg = Release|Any CPU
		{9DB42476-B22C-49F4-98E9-F705C9593857}.Release|Any CPU.Build.0 = Release|Any CPU
		{3D11E490-805E-4271-8438-94ABDFE4A2B5}.Debug|Any CPU.ActiveCfg = Debug|Any CPU
		{3D11E490-805E-4271-8438-94ABDFE4A2B5}.Debug|Any CPU.Build.0 = Debug|Any CPU
		{3D11E490-805E-4271-8438-94ABDFE4A2B5}.Release|Any CPU.ActiveCfg = Release|Any CPU
		{3D11E490-805E-4271-8438-94ABDFE4A2B5}.Release|Any CPU.Build.0 = Release|Any CPU
		{71EF8332-C88C-4055-AFF4-6B27898943B4}.Debug|Any CPU.ActiveCfg = Debug|Any CPU
		{71EF8332-C88C-4055-AFF4-6B27898943B4}.Debug|Any CPU.Build.0 = Debug|Any CPU
		{71EF8332-C88C-4055-AFF4-6B27898943B4}.Release|Any CPU.ActiveCfg = Release|Any CPU
		{71EF8332-C88C-4055-AFF4-6B27898943B4}.Release|Any CPU.Build.0 = Release|Any CPU
	EndGlobalSection
	GlobalSection(SolutionProperties) = preSolution
		HideSolutionNode = FALSE
	EndGlobalSection
EndGlobal
